{
  "version": 4,
  "terraform_version": "1.14.3",
  "serial": 190,
  "lineage": "e90a672d-a029-8ca5-e643-be176eb0754d",
  "outputs": {
    "backend_cluster_name": {
      "value": "eks-backend",
      "type": "string"
    },
    "backend_vpc_cidr": {
      "value": "10.1.0.0/16",
      "type": "string"
    },
    "backend_vpc_id": {
      "value": "vpc-0bdfc5dfb6dc4e40f",
      "type": "string"
    },
    "gateway_cluster_name": {
      "value": "eks-gateway",
      "type": "string"
    },
    "gateway_vpc_cidr": {
      "value": "10.0.0.0/16",
      "type": "string"
    },
    "gateway_vpc_id": {
      "value": "vpc-07e7bb2a48934cd80",
      "type": "string"
    }
  },
  "resources": [
    {
      "mode": "data",
      "type": "aws_iam_policy_document",
      "name": "eks_cluster",
      "provider": "provider[\"registry.terraform.io/hashicorp/aws\"]",
      "instances": [
        {
          "schema_version": 0,
          "attributes": {
            "id": "3552664922",
            "json": "{\n  \"Version\": \"2012-10-17\",\n  \"Statement\": [\n    {\n      \"Effect\": \"Allow\",\n      \"Action\": \"sts:AssumeRole\",\n      \"Principal\": {\n        \"Service\": \"eks.amazonaws.com\"\n      }\n    }\n  ]\n}",
            "minified_json": "{\"Version\":\"2012-10-17\",\"Statement\":[{\"Effect\":\"Allow\",\"Action\":\"sts:AssumeRole\",\"Principal\":{\"Service\":\"eks.amazonaws.com\"}}]}",
            "override_json": null,
            "override_policy_documents": null,
            "policy_id": null,
            "source_json": null,
            "source_policy_documents": null,
            "statement": [
              {
                "actions": [
                  "sts:AssumeRole"
                ],
                "condition": [],
                "effect": "Allow",
                "not_actions": [],
                "not_principals": [],
                "not_resources": [],
                "principals": [
                  {
                    "identifiers": [
                      "eks.amazonaws.com"
                    ],
                    "type": "Service"
                  }
                ],
                "resources": [],
                "sid": ""
              }
            ],
            "version": "2012-10-17"
          },
          "sensitive_attributes": [],
          "identity_schema_version": 0
        }
      ]
    },
    {
      "mode": "data",
      "type": "aws_iam_policy_document",
      "name": "eks_nodes",
      "provider": "provider[\"registry.terraform.io/hashicorp/aws\"]",
      "instances": [
        {
          "schema_version": 0,
          "attributes": {
            "id": "2851119427",
            "json": "{\n  \"Version\": \"2012-10-17\",\n  \"Statement\": [\n    {\n      \"Effect\": \"Allow\",\n      \"Action\": \"sts:AssumeRole\",\n      \"Principal\": {\n        \"Service\": \"ec2.amazonaws.com\"\n      }\n    }\n  ]\n}",
            "minified_json": "{\"Version\":\"2012-10-17\",\"Statement\":[{\"Effect\":\"Allow\",\"Action\":\"sts:AssumeRole\",\"Principal\":{\"Service\":\"ec2.amazonaws.com\"}}]}",
            "override_json": null,
            "override_policy_documents": null,
            "policy_id": null,
            "source_json": null,
            "source_policy_documents": null,
            "statement": [
              {
                "actions": [
                  "sts:AssumeRole"
                ],
                "condition": [],
                "effect": "Allow",
                "not_actions": [],
                "not_principals": [],
                "not_resources": [],
                "principals": [
                  {
                    "identifiers": [
                      "ec2.amazonaws.com"
                    ],
                    "type": "Service"
                  }
                ],
                "resources": [],
                "sid": ""
              }
            ],
            "version": "2012-10-17"
          },
          "sensitive_attributes": [],
          "identity_schema_version": 0
        }
      ]
    },
    {
      "mode": "managed",
      "type": "aws_iam_role",
      "name": "eks_backend_cluster",
      "provider": "provider[\"registry.terraform.io/hashicorp/aws\"]",
      "instances": [
        {
          "schema_version": 0,
          "attributes": {
            "arn": "arn:aws:iam::721500739616:role/eks-backend-cluster",
            "assume_role_policy": "{\"Statement\":[{\"Action\":\"sts:AssumeRole\",\"Effect\":\"Allow\",\"Principal\":{\"Service\":\"eks.amazonaws.com\"}}],\"Version\":\"2012-10-17\"}",
            "create_date": "2026-01-25T19:30:00Z",
            "description": "",
            "force_detach_policies": false,
            "id": "eks-backend-cluster",
            "inline_policy": [],
            "managed_policy_arns": [
              "arn:aws:iam::aws:policy/AmazonEKSClusterPolicy"
            ],
            "max_session_duration": 3600,
            "name": "eks-backend-cluster",
            "name_prefix": "",
            "path": "/",
            "permissions_boundary": "",
            "tags": {},
            "tags_all": {},
            "unique_id": "AROA2P7GLTAQJ2R232GDH"
          },
          "sensitive_attributes": [],
          "identity_schema_version": 0,
          "identity": {
            "account_id": "721500739616",
            "name": "eks-backend-cluster"
          },
          "private": "bnVsbA==",
          "dependencies": [
            "data.aws_iam_policy_document.eks_cluster"
          ]
        }
      ]
    },
    {
      "mode": "managed",
      "type": "aws_iam_role",
      "name": "eks_backend_nodes",
      "provider": "provider[\"registry.terraform.io/hashicorp/aws\"]",
      "instances": [
        {
          "schema_version": 0,
          "attributes": {
            "arn": "arn:aws:iam::721500739616:role/eks-backend-nodes",
            "assume_role_policy": "{\"Statement\":[{\"Action\":\"sts:AssumeRole\",\"Effect\":\"Allow\",\"Principal\":{\"Service\":\"ec2.amazonaws.com\"}}],\"Version\":\"2012-10-17\"}",
            "create_date": "2026-01-25T19:30:00Z",
            "description": "",
            "force_detach_policies": false,
            "id": "eks-backend-nodes",
            "inline_policy": [],
            "managed_policy_arns": [
              "arn:aws:iam::aws:policy/AmazonEC2ContainerRegistryReadOnly",
              "arn:aws:iam::aws:policy/AmazonEKSWorkerNodePolicy",
              "arn:aws:iam::aws:policy/AmazonEKS_CNI_Policy"
            ],
            "max_session_duration": 3600,
            "name": "eks-backend-nodes",
            "name_prefix": "",
            "path": "/",
            "permissions_boundary": "",
            "tags": {},
            "tags_all": {},
            "unique_id": "AROA2P7GLTAQPVJ2R3ZY7"
          },
          "sensitive_attributes": [],
          "identity_schema_version": 0,
          "identity": {
            "account_id": "721500739616",
            "name": "eks-backend-nodes"
          },
          "private": "bnVsbA==",
          "dependencies": [
            "data.aws_iam_policy_document.eks_nodes"
          ]
        }
      ]
    },
    {
      "mode": "managed",
      "type": "aws_iam_role",
      "name": "eks_gateway_cluster",
      "provider": "provider[\"registry.terraform.io/hashicorp/aws\"]",
      "instances": [
        {
          "schema_version": 0,
          "attributes": {
            "arn": "arn:aws:iam::721500739616:role/eks-gateway-cluster",
            "assume_role_policy": "{\"Statement\":[{\"Action\":\"sts:AssumeRole\",\"Effect\":\"Allow\",\"Principal\":{\"Service\":\"eks.amazonaws.com\"}}],\"Version\":\"2012-10-17\"}",
            "create_date": "2026-01-25T19:30:00Z",
            "description": "",
            "force_detach_policies": false,
            "id": "eks-gateway-cluster",
            "inline_policy": [],
            "managed_policy_arns": [
              "arn:aws:iam::aws:policy/AmazonEKSClusterPolicy"
            ],
            "max_session_duration": 3600,
            "name": "eks-gateway-cluster",
            "name_prefix": "",
            "path": "/",
            "permissions_boundary": "",
            "tags": {},
            "tags_all": {},
            "unique_id": "AROA2P7GLTAQGEKMWOIHM"
          },
          "sensitive_attributes": [],
          "identity_schema_version": 0,
          "identity": {
            "account_id": "721500739616",
            "name": "eks-gateway-cluster"
          },
          "private": "bnVsbA==",
          "dependencies": [
            "data.aws_iam_policy_document.eks_cluster"
          ]
        }
      ]
    },
    {
      "mode": "managed",
      "type": "aws_iam_role",
      "name": "eks_gateway_nodes",
      "provider": "provider[\"registry.terraform.io/hashicorp/aws\"]",
      "instances": [
        {
          "schema_version": 0,
          "attributes": {
            "arn": "arn:aws:iam::721500739616:role/eks-gateway-nodes",
            "assume_role_policy": "{\"Statement\":[{\"Action\":\"sts:AssumeRole\",\"Effect\":\"Allow\",\"Principal\":{\"Service\":\"ec2.amazonaws.com\"}}],\"Version\":\"2012-10-17\"}",
            "create_date": "2026-01-25T19:30:00Z",
            "description": "",
            "force_detach_policies": false,
            "id": "eks-gateway-nodes",
            "inline_policy": [],
            "managed_policy_arns": [
              "arn:aws:iam::aws:policy/AmazonEC2ContainerRegistryReadOnly",
              "arn:aws:iam::aws:policy/AmazonEKSWorkerNodePolicy",
              "arn:aws:iam::aws:policy/AmazonEKS_CNI_Policy"
            ],
            "max_session_duration": 3600,
            "name": "eks-gateway-nodes",
            "name_prefix": "",
            "path": "/",
            "permissions_boundary": "",
            "tags": {},
            "tags_all": {},
            "unique_id": "AROA2P7GLTAQMCOW6YAB3"
          },
          "sensitive_attributes": [],
          "identity_schema_version": 0,
          "identity": {
            "account_id": "721500739616",
            "name": "eks-gateway-nodes"
          },
          "private": "bnVsbA==",
          "dependencies": [
            "data.aws_iam_policy_document.eks_nodes"
          ]
        }
      ]
    },
    {
      "mode": "managed",
      "type": "aws_iam_role_policy_attachment",
      "name": "backend_cluster_policy",
      "provider": "provider[\"registry.terraform.io/hashicorp/aws\"]",
      "instances": [
        {
          "schema_version": 0,
          "attributes": {
            "id": "eks-backend-cluster/arn:aws:iam::aws:policy/AmazonEKSClusterPolicy",
            "policy_arn": "arn:aws:iam::aws:policy/AmazonEKSClusterPolicy",
            "role": "eks-backend-cluster"
          },
          "sensitive_attributes": [],
          "identity_schema_version": 0,
          "identity": {
            "account_id": "721500739616",
            "policy_arn": "arn:aws:iam::aws:policy/AmazonEKSClusterPolicy",
            "role": "eks-backend-cluster"
          },
          "private": "bnVsbA==",
          "dependencies": [
            "aws_iam_role.eks_backend_cluster",
            "data.aws_iam_policy_document.eks_cluster"
          ]
        }
      ]
    },
    {
      "mode": "managed",
      "type": "aws_iam_role_policy_attachment",
      "name": "backend_nodes_cni",
      "provider": "provider[\"registry.terraform.io/hashicorp/aws\"]",
      "instances": [
        {
          "schema_version": 0,
          "attributes": {
            "id": "eks-backend-nodes/arn:aws:iam::aws:policy/AmazonEKS_CNI_Policy",
            "policy_arn": "arn:aws:iam::aws:policy/AmazonEKS_CNI_Policy",
            "role": "eks-backend-nodes"
          },
          "sensitive_attributes": [],
          "identity_schema_version": 0,
          "identity": {
            "account_id": "721500739616",
            "policy_arn": "arn:aws:iam::aws:policy/AmazonEKS_CNI_Policy",
            "role": "eks-backend-nodes"
          },
          "private": "bnVsbA==",
          "dependencies": [
            "aws_iam_role.eks_backend_nodes",
            "data.aws_iam_policy_document.eks_nodes"
          ]
        }
      ]
    },
    {
      "mode": "managed",
      "type": "aws_iam_role_policy_attachment",
      "name": "backend_nodes_ecr",
      "provider": "provider[\"registry.terraform.io/hashicorp/aws\"]",
      "instances": [
        {
          "schema_version": 0,
          "attributes": {
            "id": "eks-backend-nodes/arn:aws:iam::aws:policy/AmazonEC2ContainerRegistryReadOnly",
            "policy_arn": "arn:aws:iam::aws:policy/AmazonEC2ContainerRegistryReadOnly",
            "role": "eks-backend-nodes"
          },
          "sensitive_attributes": [],
          "identity_schema_version": 0,
          "identity": {
            "account_id": "721500739616",
            "policy_arn": "arn:aws:iam::aws:policy/AmazonEC2ContainerRegistryReadOnly",
            "role": "eks-backend-nodes"
          },
          "private": "bnVsbA==",
          "dependencies": [
            "aws_iam_role.eks_backend_nodes",
            "data.aws_iam_policy_document.eks_nodes"
          ]
        }
      ]
    },
    {
      "mode": "managed",
      "type": "aws_iam_role_policy_attachment",
      "name": "backend_nodes_worker",
      "provider": "provider[\"registry.terraform.io/hashicorp/aws\"]",
      "instances": [
        {
          "schema_version": 0,
          "attributes": {
            "id": "eks-backend-nodes/arn:aws:iam::aws:policy/AmazonEKSWorkerNodePolicy",
            "policy_arn": "arn:aws:iam::aws:policy/AmazonEKSWorkerNodePolicy",
            "role": "eks-backend-nodes"
          },
          "sensitive_attributes": [],
          "identity_schema_version": 0,
          "identity": {
            "account_id": "721500739616",
            "policy_arn": "arn:aws:iam::aws:policy/AmazonEKSWorkerNodePolicy",
            "role": "eks-backend-nodes"
          },
          "private": "bnVsbA==",
          "dependencies": [
            "aws_iam_role.eks_backend_nodes",
            "data.aws_iam_policy_document.eks_nodes"
          ]
        }
      ]
    },
    {
      "mode": "managed",
      "type": "aws_iam_role_policy_attachment",
      "name": "gateway_cluster_policy",
      "provider": "provider[\"registry.terraform.io/hashicorp/aws\"]",
      "instances": [
        {
          "schema_version": 0,
          "attributes": {
            "id": "eks-gateway-cluster/arn:aws:iam::aws:policy/AmazonEKSClusterPolicy",
            "policy_arn": "arn:aws:iam::aws:policy/AmazonEKSClusterPolicy",
            "role": "eks-gateway-cluster"
          },
          "sensitive_attributes": [],
          "identity_schema_version": 0,
          "identity": {
            "account_id": "721500739616",
            "policy_arn": "arn:aws:iam::aws:policy/AmazonEKSClusterPolicy",
            "role": "eks-gateway-cluster"
          },
          "private": "bnVsbA==",
          "dependencies": [
            "aws_iam_role.eks_gateway_cluster",
            "data.aws_iam_policy_document.eks_cluster"
          ]
        }
      ]
    },
    {
      "mode": "managed",
      "type": "aws_iam_role_policy_attachment",
      "name": "gateway_nodes_cni",
      "provider": "provider[\"registry.terraform.io/hashicorp/aws\"]",
      "instances": [
        {
          "schema_version": 0,
          "attributes": {
            "id": "eks-gateway-nodes/arn:aws:iam::aws:policy/AmazonEKS_CNI_Policy",
            "policy_arn": "arn:aws:iam::aws:policy/AmazonEKS_CNI_Policy",
            "role": "eks-gateway-nodes"
          },
          "sensitive_attributes": [],
          "identity_schema_version": 0,
          "identity": {
            "account_id": "721500739616",
            "policy_arn": "arn:aws:iam::aws:policy/AmazonEKS_CNI_Policy",
            "role": "eks-gateway-nodes"
          },
          "private": "bnVsbA==",
          "dependencies": [
            "aws_iam_role.eks_gateway_nodes",
            "data.aws_iam_policy_document.eks_nodes"
          ]
        }
      ]
    },
    {
      "mode": "managed",
      "type": "aws_iam_role_policy_attachment",
      "name": "gateway_nodes_ecr",
      "provider": "provider[\"registry.terraform.io/hashicorp/aws\"]",
      "instances": [
        {
          "schema_version": 0,
          "attributes": {
            "id": "eks-gateway-nodes/arn:aws:iam::aws:policy/AmazonEC2ContainerRegistryReadOnly",
            "policy_arn": "arn:aws:iam::aws:policy/AmazonEC2ContainerRegistryReadOnly",
            "role": "eks-gateway-nodes"
          },
          "sensitive_attributes": [],
          "identity_schema_version": 0,
          "identity": {
            "account_id": "721500739616",
            "policy_arn": "arn:aws:iam::aws:policy/AmazonEC2ContainerRegistryReadOnly",
            "role": "eks-gateway-nodes"
          },
          "private": "bnVsbA==",
          "dependencies": [
            "aws_iam_role.eks_gateway_nodes",
            "data.aws_iam_policy_document.eks_nodes"
          ]
        }
      ]
    },
    {
      "mode": "managed",
      "type": "aws_iam_role_policy_attachment",
      "name": "gateway_nodes_worker",
      "provider": "provider[\"registry.terraform.io/hashicorp/aws\"]",
      "instances": [
        {
          "schema_version": 0,
          "attributes": {
            "id": "eks-gateway-nodes/arn:aws:iam::aws:policy/AmazonEKSWorkerNodePolicy",
            "policy_arn": "arn:aws:iam::aws:policy/AmazonEKSWorkerNodePolicy",
            "role": "eks-gateway-nodes"
          },
          "sensitive_attributes": [],
          "identity_schema_version": 0,
          "identity": {
            "account_id": "721500739616",
            "policy_arn": "arn:aws:iam::aws:policy/AmazonEKSWorkerNodePolicy",
            "role": "eks-gateway-nodes"
          },
          "private": "bnVsbA==",
          "dependencies": [
            "aws_iam_role.eks_gateway_nodes",
            "data.aws_iam_policy_document.eks_nodes"
          ]
        }
      ]
    },
    {
      "module": "module.backend_vpc",
      "mode": "managed",
      "type": "aws_eip",
      "name": "nat",
      "provider": "provider[\"registry.terraform.io/hashicorp/aws\"]",
      "instances": [
        {
          "schema_version": 0,
          "attributes": {
            "address": null,
            "allocation_id": "eipalloc-09e1685ba8273631d",
            "arn": "arn:aws:ec2:us-east-1:721500739616:elastic-ip/eipalloc-09e1685ba8273631d",
            "associate_with_private_ip": null,
            "association_id": "eipassoc-073459cee1c51d30a",
            "carrier_ip": "",
            "customer_owned_ip": "",
            "customer_owned_ipv4_pool": "",
            "domain": "vpc",
            "id": "eipalloc-09e1685ba8273631d",
            "instance": "",
            "ipam_pool_id": null,
            "network_border_group": "us-east-1",
            "network_interface": "eni-039672952a9815dcc",
            "private_dns": "ip-10-1-100-42.ec2.internal",
            "private_ip": "10.1.100.42",
            "ptr_record": "",
            "public_dns": "ec2-44-208-111-107.compute-1.amazonaws.com",
            "public_ip": "44.208.111.107",
            "public_ipv4_pool": "amazon",
            "region": "us-east-1",
            "tags": {},
            "tags_all": {},
            "timeouts": null
          },
          "sensitive_attributes": [],
          "identity_schema_version": 0,
          "private": "eyJlMmJmYjczMC1lY2FhLTExZTYtOGY4OC0zNDM2M2JjN2M0YzAiOnsiZGVsZXRlIjoxODAwMDAwMDAwMDAsInJlYWQiOjkwMDAwMDAwMDAwMCwidXBkYXRlIjozMDAwMDAwMDAwMDB9fQ=="
        }
      ]
    },
    {
      "module": "module.backend_vpc",
      "mode": "managed",
      "type": "aws_internet_gateway",
      "name": "this",
      "provider": "provider[\"registry.terraform.io/hashicorp/aws\"]",
      "instances": [
        {
          "schema_version": 0,
          "attributes": {
            "arn": "arn:aws:ec2:us-east-1:721500739616:internet-gateway/igw-0521e42e6814c9340",
            "id": "igw-0521e42e6814c9340",
            "owner_id": "721500739616",
            "region": "us-east-1",
            "tags": {
              "Name": "vpc-backend-igw"
            },
            "tags_all": {
              "Name": "vpc-backend-igw"
            },
            "timeouts": null,
            "vpc_id": "vpc-0bdfc5dfb6dc4e40f"
          },
          "sensitive_attributes": [],
          "identity_schema_version": 0,
          "private": "eyJlMmJmYjczMC1lY2FhLTExZTYtOGY4OC0zNDM2M2JjN2M0YzAiOnsiY3JlYXRlIjoxMjAwMDAwMDAwMDAwLCJkZWxldGUiOjEyMDAwMDAwMDAwMDAsInVwZGF0ZSI6MTIwMDAwMDAwMDAwMH19",
          "dependencies": [
            "module.backend_vpc.aws_vpc.this"
          ]
        }
      ]
    },
    {
      "module": "module.backend_vpc",
      "mode": "managed",
      "type": "aws_nat_gateway",
      "name": "this",
      "provider": "provider[\"registry.terraform.io/hashicorp/aws\"]",
      "instances": [
        {
          "schema_version": 0,
          "attributes": {
            "allocation_id": "eipalloc-09e1685ba8273631d",
            "association_id": "eipassoc-073459cee1c51d30a",
            "auto_provision_zones": null,
            "auto_scaling_ips": null,
            "availability_mode": "zonal",
            "availability_zone_address": [],
            "connectivity_type": "public",
            "id": "nat-08eec7f65478fb213",
            "network_interface_id": "eni-039672952a9815dcc",
            "private_ip": "10.1.100.42",
            "public_ip": "44.208.111.107",
            "region": "us-east-1",
            "regional_nat_gateway_address": [],
            "regional_nat_gateway_auto_mode": null,
            "route_table_id": null,
            "secondary_allocation_ids": [],
            "secondary_private_ip_address_count": 0,
            "secondary_private_ip_addresses": [],
            "subnet_id": "subnet-0ea41aa27cc4a9393",
            "tags": {
              "Name": "vpc-backend-nat"
            },
            "tags_all": {
              "Name": "vpc-backend-nat"
            },
            "timeouts": null,
            "vpc_id": "vpc-0bdfc5dfb6dc4e40f"
          },
          "sensitive_attributes": [],
          "identity_schema_version": 0,
          "private": "eyJlMmJmYjczMC1lY2FhLTExZTYtOGY4OC0zNDM2M2JjN2M0YzAiOnsiY3JlYXRlIjo2MDAwMDAwMDAwMDAsImRlbGV0ZSI6MTgwMDAwMDAwMDAwMCwidXBkYXRlIjo2MDAwMDAwMDAwMDB9fQ==",
          "dependencies": [
            "module.backend_vpc.aws_eip.nat",
            "module.backend_vpc.aws_internet_gateway.this",
            "module.backend_vpc.aws_subnet.public",
            "module.backend_vpc.aws_vpc.this"
          ]
        }
      ]
    },
    {
      "module": "module.backend_vpc",
      "mode": "managed",
      "type": "aws_route_table",
      "name": "private",
      "provider": "provider[\"registry.terraform.io/hashicorp/aws\"]",
      "instances": [
        {
          "schema_version": 0,
          "attributes": {
            "arn": "arn:aws:ec2:us-east-1:721500739616:route-table/rtb-07b7278438e208be0",
            "id": "rtb-07b7278438e208be0",
            "owner_id": "721500739616",
            "propagating_vgws": [],
            "region": "us-east-1",
            "route": [
              {
                "carrier_gateway_id": "",
                "cidr_block": "0.0.0.0/0",
                "core_network_arn": "",
                "destination_prefix_list_id": "",
                "egress_only_gateway_id": "",
                "gateway_id": "",
                "ipv6_cidr_block": "",
                "local_gateway_id": "",
                "nat_gateway_id": "nat-08eec7f65478fb213",
                "network_interface_id": "",
                "transit_gateway_id": "",
                "vpc_endpoint_id": "",
                "vpc_peering_connection_id": ""
              }
            ],
            "tags": {
              "Name": "vpc-backend-private-rt"
            },
            "tags_all": {
              "Name": "vpc-backend-private-rt"
            },
            "timeouts": null,
            "vpc_id": "vpc-0bdfc5dfb6dc4e40f"
          },
          "sensitive_attributes": [],
          "identity_schema_version": 0,
          "identity": {
            "account_id": "721500739616",
            "id": "rtb-07b7278438e208be0",
            "region": "us-east-1"
          },
          "private": "eyJlMmJmYjczMC1lY2FhLTExZTYtOGY4OC0zNDM2M2JjN2M0YzAiOnsiY3JlYXRlIjozMDAwMDAwMDAwMDAsImRlbGV0ZSI6MzAwMDAwMDAwMDAwLCJ1cGRhdGUiOjEyMDAwMDAwMDAwMH19",
          "dependencies": [
            "module.backend_vpc.aws_eip.nat",
            "module.backend_vpc.aws_internet_gateway.this",
            "module.backend_vpc.aws_nat_gateway.this",
            "module.backend_vpc.aws_subnet.public",
            "module.backend_vpc.aws_vpc.this"
          ]
        }
      ]
    },
    {
      "module": "module.backend_vpc",
      "mode": "managed",
      "type": "aws_route_table",
      "name": "public",
      "provider": "provider[\"registry.terraform.io/hashicorp/aws\"]",
      "instances": [
        {
          "schema_version": 0,
          "attributes": {
            "arn": "arn:aws:ec2:us-east-1:721500739616:route-table/rtb-09a1b679f11ba8b27",
            "id": "rtb-09a1b679f11ba8b27",
            "owner_id": "721500739616",
            "propagating_vgws": [],
            "region": "us-east-1",
            "route": [
              {
                "carrier_gateway_id": "",
                "cidr_block": "0.0.0.0/0",
                "core_network_arn": "",
                "destination_prefix_list_id": "",
                "egress_only_gateway_id": "",
                "gateway_id": "igw-0521e42e6814c9340",
                "ipv6_cidr_block": "",
                "local_gateway_id": "",
                "nat_gateway_id": "",
                "network_interface_id": "",
                "transit_gateway_id": "",
                "vpc_endpoint_id": "",
                "vpc_peering_connection_id": ""
              }
            ],
            "tags": {
              "Name": "vpc-backend-public-rt"
            },
            "tags_all": {
              "Name": "vpc-backend-public-rt"
            },
            "timeouts": null,
            "vpc_id": "vpc-0bdfc5dfb6dc4e40f"
          },
          "sensitive_attributes": [],
          "identity_schema_version": 0,
          "identity": {
            "account_id": "721500739616",
            "id": "rtb-09a1b679f11ba8b27",
            "region": "us-east-1"
          },
          "private": "eyJlMmJmYjczMC1lY2FhLTExZTYtOGY4OC0zNDM2M2JjN2M0YzAiOnsiY3JlYXRlIjozMDAwMDAwMDAwMDAsImRlbGV0ZSI6MzAwMDAwMDAwMDAwLCJ1cGRhdGUiOjEyMDAwMDAwMDAwMH19",
          "dependencies": [
            "module.backend_vpc.aws_internet_gateway.this",
            "module.backend_vpc.aws_vpc.this"
          ]
        }
      ]
    },
    {
      "module": "module.backend_vpc",
      "mode": "managed",
      "type": "aws_route_table_association",
      "name": "private",
      "provider": "provider[\"registry.terraform.io/hashicorp/aws\"]",
      "instances": [
        {
          "index_key": 0,
          "schema_version": 0,
          "attributes": {
            "gateway_id": "",
            "id": "rtbassoc-0ad9a3aa165e5cd83",
            "region": "us-east-1",
            "route_table_id": "rtb-07b7278438e208be0",
            "subnet_id": "subnet-0b932ef114c8d7200",
            "timeouts": null
          },
          "sensitive_attributes": [],
          "identity_schema_version": 0,
          "private": "eyJlMmJmYjczMC1lY2FhLTExZTYtOGY4OC0zNDM2M2JjN2M0YzAiOnsiY3JlYXRlIjozMDAwMDAwMDAwMDAsImRlbGV0ZSI6MzAwMDAwMDAwMDAwLCJ1cGRhdGUiOjEyMDAwMDAwMDAwMH19",
          "dependencies": [
            "module.backend_vpc.aws_eip.nat",
            "module.backend_vpc.aws_internet_gateway.this",
            "module.backend_vpc.aws_nat_gateway.this",
            "module.backend_vpc.aws_route_table.private",
            "module.backend_vpc.aws_subnet.private",
            "module.backend_vpc.aws_subnet.public",
            "module.backend_vpc.aws_vpc.this"
          ]
        },
        {
          "index_key": 1,
          "schema_version": 0,
          "attributes": {
            "gateway_id": "",
            "id": "rtbassoc-0db10e854040bbaa1",
            "region": "us-east-1",
            "route_table_id": "rtb-07b7278438e208be0",
            "subnet_id": "subnet-00eabd3dab7524402",
            "timeouts": null
          },
          "sensitive_attributes": [],
          "identity_schema_version": 0,
          "private": "eyJlMmJmYjczMC1lY2FhLTExZTYtOGY4OC0zNDM2M2JjN2M0YzAiOnsiY3JlYXRlIjozMDAwMDAwMDAwMDAsImRlbGV0ZSI6MzAwMDAwMDAwMDAwLCJ1cGRhdGUiOjEyMDAwMDAwMDAwMH19",
          "dependencies": [
            "module.backend_vpc.aws_eip.nat",
            "module.backend_vpc.aws_internet_gateway.this",
            "module.backend_vpc.aws_nat_gateway.this",
            "module.backend_vpc.aws_route_table.private",
            "module.backend_vpc.aws_subnet.private",
            "module.backend_vpc.aws_subnet.public",
            "module.backend_vpc.aws_vpc.this"
          ]
        }
      ]
    },
    {
      "module": "module.backend_vpc",
      "mode": "managed",
      "type": "aws_route_table_association",
      "name": "public",
      "provider": "provider[\"registry.terraform.io/hashicorp/aws\"]",
      "instances": [
        {
          "schema_version": 0,
          "attributes": {
            "gateway_id": "",
            "id": "rtbassoc-019d269f4021d45fc",
            "region": "us-east-1",
            "route_table_id": "rtb-09a1b679f11ba8b27",
            "subnet_id": "subnet-0ea41aa27cc4a9393",
            "timeouts": null
          },
          "sensitive_attributes": [],
          "identity_schema_version": 0,
          "private": "eyJlMmJmYjczMC1lY2FhLTExZTYtOGY4OC0zNDM2M2JjN2M0YzAiOnsiY3JlYXRlIjozMDAwMDAwMDAwMDAsImRlbGV0ZSI6MzAwMDAwMDAwMDAwLCJ1cGRhdGUiOjEyMDAwMDAwMDAwMH19",
          "dependencies": [
            "module.backend_vpc.aws_internet_gateway.this",
            "module.backend_vpc.aws_route_table.public",
            "module.backend_vpc.aws_subnet.public",
            "module.backend_vpc.aws_vpc.this"
          ]
        }
      ]
    },
    {
      "module": "module.backend_vpc",
      "mode": "managed",
      "type": "aws_security_group",
      "name": "eks",
      "provider": "provider[\"registry.terraform.io/hashicorp/aws\"]",
      "instances": [
        {
          "schema_version": 1,
          "attributes": {
            "arn": "arn:aws:ec2:us-east-1:721500739616:security-group/sg-0edc03eb8c5534ad1",
            "description": "Managed by Terraform",
            "egress": [
              {
                "cidr_blocks": [
                  "0.0.0.0/0"
                ],
                "description": "",
                "from_port": 0,
                "ipv6_cidr_blocks": [],
                "prefix_list_ids": [],
                "protocol": "-1",
                "security_groups": [],
                "self": false,
                "to_port": 0
              }
            ],
            "id": "sg-0edc03eb8c5534ad1",
            "ingress": [],
            "name": "vpc-backend-eks-sg",
            "name_prefix": "",
            "owner_id": "721500739616",
            "region": "us-east-1",
            "revoke_rules_on_delete": false,
            "tags": {
              "Name": "vpc-backend-eks-sg"
            },
            "tags_all": {
              "Name": "vpc-backend-eks-sg"
            },
            "timeouts": null,
            "vpc_id": "vpc-0bdfc5dfb6dc4e40f"
          },
          "sensitive_attributes": [],
          "identity_schema_version": 0,
          "identity": {
            "account_id": "721500739616",
            "id": "sg-0edc03eb8c5534ad1",
            "region": "us-east-1"
          },
          "private": "eyJlMmJmYjczMC1lY2FhLTExZTYtOGY4OC0zNDM2M2JjN2M0YzAiOnsiY3JlYXRlIjo2MDAwMDAwMDAwMDAsImRlbGV0ZSI6OTAwMDAwMDAwMDAwfSwic2NoZW1hX3ZlcnNpb24iOiIxIn0=",
          "dependencies": [
            "module.backend_vpc.aws_vpc.this"
          ]
        }
      ]
    },
    {
      "module": "module.backend_vpc",
      "mode": "managed",
      "type": "aws_security_group_rule",
      "name": "backend_allow_gateway",
      "provider": "provider[\"registry.terraform.io/hashicorp/aws\"]",
      "instances": [
        {
          "schema_version": 2,
          "attributes": {
            "cidr_blocks": [
              "10.0.0.0/16"
            ],
            "description": null,
            "from_port": 5678,
            "id": "sgrule-1008238047",
            "ipv6_cidr_blocks": null,
            "prefix_list_ids": null,
            "protocol": "tcp",
            "region": "us-east-1",
            "security_group_id": "sg-0edc03eb8c5534ad1",
            "security_group_rule_id": "sgr-0229036a577d7c61c",
            "self": false,
            "source_security_group_id": null,
            "timeouts": null,
            "to_port": 5678,
            "type": "ingress"
          },
          "sensitive_attributes": [],
          "identity_schema_version": 0,
          "private": "eyJlMmJmYjczMC1lY2FhLTExZTYtOGY4OC0zNDM2M2JjN2M0YzAiOnsiY3JlYXRlIjozMDAwMDAwMDAwMDB9LCJzY2hlbWFfdmVyc2lvbiI6IjIifQ==",
          "dependencies": [
            "module.backend_vpc.aws_security_group.eks",
            "module.backend_vpc.aws_vpc.this"
          ]
        }
      ]
    },
    {
      "module": "module.backend_vpc",
      "mode": "managed",
      "type": "aws_subnet",
      "name": "private",
      "provider": "provider[\"registry.terraform.io/hashicorp/aws\"]",
      "instances": [
        {
          "index_key": 0,
          "schema_version": 1,
          "attributes": {
            "arn": "arn:aws:ec2:us-east-1:721500739616:subnet/subnet-0b932ef114c8d7200",
            "assign_ipv6_address_on_creation": false,
            "availability_zone": "us-east-1a",
            "availability_zone_id": "use1-az2",
            "cidr_block": "10.1.0.0/20",
            "customer_owned_ipv4_pool": "",
            "enable_dns64": false,
            "enable_lni_at_device_index": 0,
            "enable_resource_name_dns_a_record_on_launch": false,
            "enable_resource_name_dns_aaaa_record_on_launch": false,
            "id": "subnet-0b932ef114c8d7200",
            "ipv6_cidr_block": "",
            "ipv6_cidr_block_association_id": "",
            "ipv6_native": false,
            "map_customer_owned_ip_on_launch": false,
            "map_public_ip_on_launch": false,
            "outpost_arn": "",
            "owner_id": "721500739616",
            "private_dns_hostname_type_on_launch": "ip-name",
            "region": "us-east-1",
            "tags": {
              "Name": "vpc-backend-private-0"
            },
            "tags_all": {
              "Name": "vpc-backend-private-0"
            },
            "timeouts": null,
            "vpc_id": "vpc-0bdfc5dfb6dc4e40f"
          },
          "sensitive_attributes": [],
          "identity_schema_version": 0,
          "identity": {
            "account_id": "721500739616",
            "id": "subnet-0b932ef114c8d7200",
            "region": "us-east-1"
          },
          "private": "eyJlMmJmYjczMC1lY2FhLTExZTYtOGY4OC0zNDM2M2JjN2M0YzAiOnsiY3JlYXRlIjo2MDAwMDAwMDAwMDAsImRlbGV0ZSI6MTIwMDAwMDAwMDAwMH0sInNjaGVtYV92ZXJzaW9uIjoiMSJ9",
          "dependencies": [
            "module.backend_vpc.aws_vpc.this"
          ]
        },
        {
          "index_key": 1,
          "schema_version": 1,
          "attributes": {
            "arn": "arn:aws:ec2:us-east-1:721500739616:subnet/subnet-00eabd3dab7524402",
            "assign_ipv6_address_on_creation": false,
            "availability_zone": "us-east-1b",
            "availability_zone_id": "use1-az4",
            "cidr_block": "10.1.16.0/20",
            "customer_owned_ipv4_pool": "",
            "enable_dns64": false,
            "enable_lni_at_device_index": 0,
            "enable_resource_name_dns_a_record_on_launch": false,
            "enable_resource_name_dns_aaaa_record_on_launch": false,
            "id": "subnet-00eabd3dab7524402",
            "ipv6_cidr_block": "",
            "ipv6_cidr_block_association_id": "",
            "ipv6_native": false,
            "map_customer_owned_ip_on_launch": false,
            "map_public_ip_on_launch": false,
            "outpost_arn": "",
            "owner_id": "721500739616",
            "private_dns_hostname_type_on_launch": "ip-name",
            "region": "us-east-1",
            "tags": {
              "Name": "vpc-backend-private-1"
            },
            "tags_all": {
              "Name": "vpc-backend-private-1"
            },
            "timeouts": null,
            "vpc_id": "vpc-0bdfc5dfb6dc4e40f"
          },
          "sensitive_attributes": [],
          "identity_schema_version": 0,
          "identity": {
            "account_id": "721500739616",
            "id": "subnet-00eabd3dab7524402",
            "region": "us-east-1"
          },
          "private": "eyJlMmJmYjczMC1lY2FhLTExZTYtOGY4OC0zNDM2M2JjN2M0YzAiOnsiY3JlYXRlIjo2MDAwMDAwMDAwMDAsImRlbGV0ZSI6MTIwMDAwMDAwMDAwMH0sInNjaGVtYV92ZXJzaW9uIjoiMSJ9",
          "dependencies": [
            "module.backend_vpc.aws_vpc.this"
          ]
        }
      ]
    },
    {
      "module": "module.backend_vpc",
      "mode": "managed",
      "type": "aws_subnet",
      "name": "public",
      "provider": "provider[\"registry.terraform.io/hashicorp/aws\"]",
      "instances": [
        {
          "schema_version": 1,
          "attributes": {
            "arn": "arn:aws:ec2:us-east-1:721500739616:subnet/subnet-0ea41aa27cc4a9393",
            "assign_ipv6_address_on_creation": false,
            "availability_zone": "us-east-1a",
            "availability_zone_id": "use1-az2",
            "cidr_block": "10.1.100.0/24",
            "customer_owned_ipv4_pool": "",
            "enable_dns64": false,
            "enable_lni_at_device_index": 0,
            "enable_resource_name_dns_a_record_on_launch": false,
            "enable_resource_name_dns_aaaa_record_on_launch": false,
            "id": "subnet-0ea41aa27cc4a9393",
            "ipv6_cidr_block": "",
            "ipv6_cidr_block_association_id": "",
            "ipv6_native": false,
            "map_customer_owned_ip_on_launch": false,
            "map_public_ip_on_launch": true,
            "outpost_arn": "",
            "owner_id": "721500739616",
            "private_dns_hostname_type_on_launch": "ip-name",
            "region": "us-east-1",
            "tags": {
              "Name": "vpc-backend-public"
            },
            "tags_all": {
              "Name": "vpc-backend-public"
            },
            "timeouts": null,
            "vpc_id": "vpc-0bdfc5dfb6dc4e40f"
          },
          "sensitive_attributes": [],
          "identity_schema_version": 0,
          "identity": {
            "account_id": "721500739616",
            "id": "subnet-0ea41aa27cc4a9393",
            "region": "us-east-1"
          },
          "private": "eyJlMmJmYjczMC1lY2FhLTExZTYtOGY4OC0zNDM2M2JjN2M0YzAiOnsiY3JlYXRlIjo2MDAwMDAwMDAwMDAsImRlbGV0ZSI6MTIwMDAwMDAwMDAwMH0sInNjaGVtYV92ZXJzaW9uIjoiMSJ9",
          "dependencies": [
            "module.backend_vpc.aws_vpc.this"
          ]
        }
      ]
    },
    {
      "module": "module.backend_vpc",
      "mode": "managed",
      "type": "aws_vpc",
      "name": "this",
      "provider": "provider[\"registry.terraform.io/hashicorp/aws\"]",
      "instances": [
        {
          "schema_version": 1,
          "attributes": {
            "arn": "arn:aws:ec2:us-east-1:721500739616:vpc/vpc-0bdfc5dfb6dc4e40f",
            "assign_generated_ipv6_cidr_block": false,
            "cidr_block": "10.1.0.0/16",
            "default_network_acl_id": "acl-05cf0aaa019185bc6",
            "default_route_table_id": "rtb-0578b4860ab77717f",
            "default_security_group_id": "sg-0a5173b0e082105e2",
            "dhcp_options_id": "dopt-01ebea7c8afd6b2ae",
            "enable_dns_hostnames": true,
            "enable_dns_support": true,
            "enable_network_address_usage_metrics": false,
            "id": "vpc-0bdfc5dfb6dc4e40f",
            "instance_tenancy": "default",
            "ipv4_ipam_pool_id": null,
            "ipv4_netmask_length": null,
            "ipv6_association_id": "",
            "ipv6_cidr_block": "",
            "ipv6_cidr_block_network_border_group": "",
            "ipv6_ipam_pool_id": "",
            "ipv6_netmask_length": 0,
            "main_route_table_id": "rtb-0578b4860ab77717f",
            "owner_id": "721500739616",
            "region": "us-east-1",
            "tags": {
              "Name": "vpc-backend"
            },
            "tags_all": {
              "Name": "vpc-backend"
            }
          },
          "sensitive_attributes": [],
          "identity_schema_version": 0,
          "identity": {
            "account_id": "721500739616",
            "id": "vpc-0bdfc5dfb6dc4e40f",
            "region": "us-east-1"
          },
          "private": "eyJzY2hlbWFfdmVyc2lvbiI6IjEifQ=="
        }
      ]
    },
    {
      "module": "module.eks_backend",
      "mode": "managed",
      "type": "aws_eks_cluster",
      "name": "this",
      "provider": "provider[\"registry.terraform.io/hashicorp/aws\"]",
      "instances": [
        {
          "schema_version": 1,
          "attributes": {
            "access_config": [
              {
                "authentication_mode": "CONFIG_MAP",
                "bootstrap_cluster_creator_admin_permissions": true
              }
            ],
            "arn": "arn:aws:eks:us-east-1:721500739616:cluster/eks-backend",
            "bootstrap_self_managed_addons": true,
            "certificate_authority": [
              {
                "data": "LS0tLS1CRUdJTiBDRVJUSUZJQ0FURS0tLS0tCk1JSURCVENDQWUyZ0F3SUJBZ0lJUy83d2ZaVXQ0RWt3RFFZSktvWklodmNOQVFFTEJRQXdGVEVUTUJFR0ExVUUKQXhNS2EzVmlaWEp1WlhSbGN6QWVGdzB5TmpBeE1qVXhPVE14TVRSYUZ3MHpOakF4TWpNeE9UTTJNVFJhTUJVeApFekFSQmdOVkJBTVRDbXQxWW1WeWJtVjBaWE13Z2dFaU1BMEdDU3FHU0liM0RRRUJBUVVBQTRJQkR3QXdnZ0VLCkFvSUJBUUNyZHdjMU5DNm5KRWFBTldoRjd2LzNyVUlhMi84Sm9rU3IxZVBHSzFOSHFsZ0hQeUtScHd1WCtVOEUKSFVubCtnYkJuQ255SWNKeThPb2dmTnVwYVVnanFmT3RHNVRBQ1FiRmxabU5EcG9XYThJUHR0bkFod0ZLVGRucwppTTZDVUo2bzV4RjI3M2ZSYW8vNVhsTkVGakVobVlmVUxnUUNnNWpMVGlDcm4xR2dZdEFXTEZMZkVMZjRYeVlRCmxVb3UzbmFtNkp2ejNMSFFvZkl5MFFsYkhjRi9OSHk2d2ZzVDlNemF4anVUUWZOQkl2WllNZ3RZdms2UHJRcDYKQmxFU1R3M1FGcVRMV2F4ck4xTitXOXhSaVNSREs2dlRzSGJjSGlXVFdMMU10a2hEQnltc3NIV0ZKWmIwS0JuMgphSG1tVFZ3eDFPZW5VUGlVVzhkOHRYZDRyMXhoQWdNQkFBR2pXVEJYTUE0R0ExVWREd0VCL3dRRUF3SUNwREFQCkJnTlZIUk1CQWY4RUJUQURBUUgvTUIwR0ExVWREZ1FXQkJRalJhV0NOVW4rQzRLdHFZVHJBUWFwcUdNeUZ6QVYKQmdOVkhSRUVEakFNZ2dwcmRXSmxjbTVsZEdWek1BMEdDU3FHU0liM0RRRUJDd1VBQTRJQkFRQ2o1V3lHUTFpWAoxK01zT2RMOVQxMEE0ZE53QlFodFhIVnVic0l0QU5ZRE95bHBRWEc0MVRBSnVJQitPZW1TRVU3aVFiNHg5eDBjCnJlSUdrMTJjSFk1OVRsaWE1ME40cEpWbDRSSkdRaFV4L1hMQ0pNK3JXUjRzemY5MGJVdEVSMDZNcW9Wd1pIUlcKOUZpK1p2eUFtYTdtdHhMTzhJWFJVTTROclhQOEdSRy90VjdrQVZ4NG43RW9UT2h6NUJHaXEya0RpVTF6U3RZTApCcklTRGQ2TGEzTEp4ZDZCbFcvRWtnTi9IemVBVWR6U3RPdlFTQ2E3ZEtVMEg4eFFaSU54MmNFSzV5VlE3RFBUCnVrdDVXOHRvRkFheVpTODY1ejE0SS9PSEZXNHlVTlNndFQ2UFU2Zm11L0UzQ0dueFl2R3BxYzN4V0RRYVRIWHMKV3plV3FOTnVSRk5nCi0tLS0tRU5EIENFUlRJRklDQVRFLS0tLS0K"
              }
            ],
            "cluster_id": null,
            "compute_config": [
              {
                "enabled": false,
                "node_pools": [],
                "node_role_arn": ""
              }
            ],
            "control_plane_scaling_config": [
              {
                "tier": "standard"
              }
            ],
            "created_at": "2026-01-25T19:30:20Z",
            "deletion_protection": false,
            "enabled_cluster_log_types": [],
            "encryption_config": [],
            "endpoint": "https://0A88AF73BB4EB091362D271A37458634.gr7.us-east-1.eks.amazonaws.com",
            "force_update_version": null,
            "id": "eks-backend",
            "identity": [
              {
                "oidc": [
                  {
                    "issuer": "https://oidc.eks.us-east-1.amazonaws.com/id/0A88AF73BB4EB091362D271A37458634"
                  }
                ]
              }
            ],
            "kubernetes_network_config": [
              {
                "elastic_load_balancing": [
                  {
                    "enabled": false
                  }
                ],
                "ip_family": "ipv4",
                "service_ipv4_cidr": "172.20.0.0/16",
                "service_ipv6_cidr": ""
              }
            ],
            "name": "eks-backend",
            "outpost_config": [],
            "platform_version": "eks.12",
            "region": "us-east-1",
            "remote_network_config": [],
            "role_arn": "arn:aws:iam::721500739616:role/eks-backend-cluster",
            "status": "ACTIVE",
            "storage_config": [
              {
                "block_storage": [
                  {
                    "enabled": false
                  }
                ]
              }
            ],
            "tags": {},
            "tags_all": {},
            "timeouts": null,
            "upgrade_policy": [
              {
                "support_type": "EXTENDED"
              }
            ],
            "version": "1.34",
            "vpc_config": [
              {
                "cluster_security_group_id": "sg-0277b1a4d4364e1a9",
                "endpoint_private_access": true,
                "endpoint_public_access": true,
                "public_access_cidrs": [
                  "0.0.0.0/0"
                ],
                "security_group_ids": [
                  "sg-0edc03eb8c5534ad1"
                ],
                "subnet_ids": [
                  "subnet-00eabd3dab7524402",
                  "subnet-0b932ef114c8d7200"
                ],
                "vpc_id": "vpc-0bdfc5dfb6dc4e40f"
              }
            ],
            "zonal_shift_config": []
          },
          "sensitive_attributes": [],
          "identity_schema_version": 0,
          "private": "eyJlMmJmYjczMC1lY2FhLTExZTYtOGY4OC0zNDM2M2JjN2M0YzAiOnsiY3JlYXRlIjoxODAwMDAwMDAwMDAwLCJkZWxldGUiOjkwMDAwMDAwMDAwMCwidXBkYXRlIjozNjAwMDAwMDAwMDAwfSwic2NoZW1hX3ZlcnNpb24iOiIxIn0=",
          "dependencies": [
            "aws_iam_role.eks_backend_cluster",
            "data.aws_iam_policy_document.eks_cluster",
            "module.backend_vpc.aws_security_group.eks",
            "module.backend_vpc.aws_subnet.private",
            "module.backend_vpc.aws_vpc.this"
          ]
        }
      ]
    },
    {
      "module": "module.eks_backend",
      "mode": "managed",
      "type": "aws_eks_node_group",
      "name": "this",
      "provider": "provider[\"registry.terraform.io/hashicorp/aws\"]",
      "instances": [
        {
          "schema_version": 0,
          "attributes": {
            "ami_type": "AL2023_x86_64_STANDARD",
            "arn": "arn:aws:eks:us-east-1:721500739616:nodegroup/eks-backend/eks-backend-nodes/c6cdfb56-295c-5525-d929-4f1fd04c741c",
            "capacity_type": "ON_DEMAND",
            "cluster_name": "eks-backend",
            "disk_size": 20,
            "force_update_version": null,
            "id": "eks-backend:eks-backend-nodes",
            "instance_types": [
              "t3.medium"
            ],
            "labels": {},
            "launch_template": [],
            "node_group_name": "eks-backend-nodes",
            "node_group_name_prefix": "",
            "node_repair_config": [],
            "node_role_arn": "arn:aws:iam::721500739616:role/eks-backend-nodes",
            "region": "us-east-1",
            "release_version": "1.34.2-20260120",
            "remote_access": [],
            "resources": [
              {
                "autoscaling_groups": [
                  {
                    "name": "eks-eks-backend-nodes-c6cdfb56-295c-5525-d929-4f1fd04c741c"
                  }
                ],
                "remote_access_security_group_id": ""
              }
            ],
            "scaling_config": [
              {
                "desired_size": 2,
                "max_size": 3,
                "min_size": 1
              }
            ],
            "status": "ACTIVE",
            "subnet_ids": [
              "subnet-00eabd3dab7524402",
              "subnet-0b932ef114c8d7200"
            ],
            "tags": {},
            "tags_all": {},
            "taint": [],
            "timeouts": null,
            "update_config": [
              {
                "max_unavailable": 1,
                "max_unavailable_percentage": 0,
                "update_strategy": ""
              }
            ],
            "version": "1.34"
          },
          "sensitive_attributes": [],
          "identity_schema_version": 0,
          "private": "eyJlMmJmYjczMC1lY2FhLTExZTYtOGY4OC0zNDM2M2JjN2M0YzAiOnsiY3JlYXRlIjozNjAwMDAwMDAwMDAwLCJkZWxldGUiOjM2MDAwMDAwMDAwMDAsInVwZGF0ZSI6MzYwMDAwMDAwMDAwMH19",
          "dependencies": [
            "aws_iam_role.eks_backend_cluster",
            "aws_iam_role.eks_backend_nodes",
            "data.aws_iam_policy_document.eks_cluster",
            "data.aws_iam_policy_document.eks_nodes",
            "module.backend_vpc.aws_security_group.eks",
            "module.backend_vpc.aws_subnet.private",
            "module.backend_vpc.aws_vpc.this",
            "module.eks_backend.aws_eks_cluster.this"
          ]
        }
      ]
    },
    {
      "module": "module.eks_gateway",
      "mode": "managed",
      "type": "aws_eks_cluster",
      "name": "this",
      "provider": "provider[\"registry.terraform.io/hashicorp/aws\"]",
      "instances": [
        {
          "schema_version": 1,
          "attributes": {
            "access_config": [
              {
                "authentication_mode": "CONFIG_MAP",
                "bootstrap_cluster_creator_admin_permissions": true
              }
            ],
            "arn": "arn:aws:eks:us-east-1:721500739616:cluster/eks-gateway",
            "bootstrap_self_managed_addons": true,
            "certificate_authority": [
              {
                "data": "LS0tLS1CRUdJTiBDRVJUSUZJQ0FURS0tLS0tCk1JSURCVENDQWUyZ0F3SUJBZ0lJV1NJaGVhSVYyQ1F3RFFZSktvWklodmNOQVFFTEJRQXdGVEVUTUJFR0ExVUUKQXhNS2EzVmlaWEp1WlhSbGN6QWVGdzB5TmpBeE1qVXhPVE13TURaYUZ3MHpOakF4TWpNeE9UTTFNRFphTUJVeApFekFSQmdOVkJBTVRDbXQxWW1WeWJtVjBaWE13Z2dFaU1BMEdDU3FHU0liM0RRRUJBUVVBQTRJQkR3QXdnZ0VLCkFvSUJBUURMTiszUzZOOGU1ZFBQWnZuSDgyU2NMU3NYVjlBeFUrWlZhVUY0WTlyL3M4WGh1TDZwem5rUHIzbWwKQUw2R2FlNGV2S3lVMHFFYXJOZFltYmlTZkwzWS9OYkhkUEpYOHZiR2xKaXYrb0VRNTNBYjJscGhnMFMrMEV1egpUNjF1NS9jcUc0SVZwWkIvc1pRTGJ0eG42MWw4QVhicHprRm0yd3VTdGhnTlUrWC85Z1lpOWtVT09Xa3g0eVlkCjdHdG9uUWZiU2dGWjdDQ2ZsUWN4dkdOaUVzOWhEbERMMUZzTFZ2aHh2SHFDZGdtUEMxT0lJKzFwVmtvQm50YkYKa2Z3RTlFaThoUklNNXpja0NmMWUzUm91MXVSV3I5NjhVVUYzY0xYOFcxaDNkTDBUZE9nZkV1bHZYRmFWRDBvTApiam1pZThUc05vWVBtKzZ4dFdUTjE3czBqaThWQWdNQkFBR2pXVEJYTUE0R0ExVWREd0VCL3dRRUF3SUNwREFQCkJnTlZIUk1CQWY4RUJUQURBUUgvTUIwR0ExVWREZ1FXQkJUdmJmNUdWaFVmT1MzRlN3dm05VEZLd2w3NXBEQVYKQmdOVkhSRUVEakFNZ2dwcmRXSmxjbTVsZEdWek1BMEdDU3FHU0liM0RRRUJDd1VBQTRJQkFRQWxaSUp6dER5dgpvUEhHUGhYTVRLeGM1L1o1bFdXVkQrTGFLcHVEc0hPRnJ2MHl4ajBwVFRycE9ZSGRiazc3c2tHR0h0TW4wY0dkCkdzK0RydW1ZZDk5VGcycjM3bXdvS3NldXBDNlMyWHpiMWVMT0VHcXNqQXZ4VVBDYkxsZG5ubnA3NWVreDJKMWcKUnhiU2VUZk00QU42RGtvMUE3Z0hHM3hweXRzUHg5WXBCOGIvZjljRU5vQkZPV21Td3U0dzE1Z2RkYVZ6emxZYgpwdGhaSlBOdFphUmxSZy9PWmNwM3hsVDJ2ZEw1U1JHY2xzSjE4VVFmTjd6d1ZsRjIyYXV4NEhBUEszU3VVeE91CkZ5NHFrankzcHphODNIdDJZRTlzTk82NnVJd0tFRzlmQmZHK2JBSXBQcjBpdDBDeDVPaFpCaFRoRGcrUFh6Q3EKSkEvTk9QNTlNUHdoCi0tLS0tRU5EIENFUlRJRklDQVRFLS0tLS0K"
              }
            ],
            "cluster_id": null,
            "compute_config": [
              {
                "enabled": false,
                "node_pools": [],
                "node_role_arn": ""
              }
            ],
            "control_plane_scaling_config": [
              {
                "tier": "standard"
              }
            ],
            "created_at": "2026-01-25T19:30:20Z",
            "deletion_protection": false,
            "enabled_cluster_log_types": [],
            "encryption_config": [],
            "endpoint": "https://05C38375574225423D76ABFAF2ACDD18.gr7.us-east-1.eks.amazonaws.com",
            "force_update_version": null,
            "id": "eks-gateway",
            "identity": [
              {
                "oidc": [
                  {
                    "issuer": "https://oidc.eks.us-east-1.amazonaws.com/id/05C38375574225423D76ABFAF2ACDD18"
                  }
                ]
              }
            ],
            "kubernetes_network_config": [
              {
                "elastic_load_balancing": [
                  {
                    "enabled": false
                  }
                ],
                "ip_family": "ipv4",
                "service_ipv4_cidr": "172.20.0.0/16",
                "service_ipv6_cidr": ""
              }
            ],
            "name": "eks-gateway",
            "outpost_config": [],
            "platform_version": "eks.12",
            "region": "us-east-1",
            "remote_network_config": [],
            "role_arn": "arn:aws:iam::721500739616:role/eks-gateway-cluster",
            "status": "ACTIVE",
            "storage_config": [
              {
                "block_storage": [
                  {
                    "enabled": false
                  }
                ]
              }
            ],
            "tags": {},
            "tags_all": {},
            "timeouts": null,
            "upgrade_policy": [
              {
                "support_type": "EXTENDED"
              }
            ],
            "version": "1.34",
            "vpc_config": [
              {
                "cluster_security_group_id": "sg-0631e03392d22ceed",
                "endpoint_private_access": true,
                "endpoint_public_access": true,
                "public_access_cidrs": [
                  "0.0.0.0/0"
                ],
                "security_group_ids": [
                  "sg-0ecc89e07c253d537"
                ],
                "subnet_ids": [
                  "subnet-0f36941f44146af14",
                  "subnet-0fc5225df6d53d245"
                ],
                "vpc_id": "vpc-07e7bb2a48934cd80"
              }
            ],
            "zonal_shift_config": []
          },
          "sensitive_attributes": [],
          "identity_schema_version": 0,
          "private": "eyJlMmJmYjczMC1lY2FhLTExZTYtOGY4OC0zNDM2M2JjN2M0YzAiOnsiY3JlYXRlIjoxODAwMDAwMDAwMDAwLCJkZWxldGUiOjkwMDAwMDAwMDAwMCwidXBkYXRlIjozNjAwMDAwMDAwMDAwfSwic2NoZW1hX3ZlcnNpb24iOiIxIn0=",
          "dependencies": [
            "aws_iam_role.eks_gateway_cluster",
            "data.aws_iam_policy_document.eks_cluster",
            "module.gateway_vpc.aws_security_group.eks",
            "module.gateway_vpc.aws_subnet.private",
            "module.gateway_vpc.aws_vpc.this"
          ]
        }
      ]
    },
    {
      "module": "module.eks_gateway",
      "mode": "managed",
      "type": "aws_eks_node_group",
      "name": "this",
      "provider": "provider[\"registry.terraform.io/hashicorp/aws\"]",
      "instances": [
        {
          "schema_version": 0,
          "attributes": {
            "ami_type": "AL2023_x86_64_STANDARD",
            "arn": "arn:aws:eks:us-east-1:721500739616:nodegroup/eks-gateway/eks-gateway-nodes/94cdfb55-c48b-781c-772c-99929ce5d5a8",
            "capacity_type": "ON_DEMAND",
            "cluster_name": "eks-gateway",
            "disk_size": 20,
            "force_update_version": null,
            "id": "eks-gateway:eks-gateway-nodes",
            "instance_types": [
              "t3.medium"
            ],
            "labels": {},
            "launch_template": [],
            "node_group_name": "eks-gateway-nodes",
            "node_group_name_prefix": "",
            "node_repair_config": [],
            "node_role_arn": "arn:aws:iam::721500739616:role/eks-gateway-nodes",
            "region": "us-east-1",
            "release_version": "1.34.2-20260120",
            "remote_access": [],
            "resources": [
              {
                "autoscaling_groups": [
                  {
                    "name": "eks-eks-gateway-nodes-94cdfb55-c48b-781c-772c-99929ce5d5a8"
                  }
                ],
                "remote_access_security_group_id": ""
              }
            ],
            "scaling_config": [
              {
                "desired_size": 2,
                "max_size": 3,
                "min_size": 1
              }
            ],
            "status": "ACTIVE",
            "subnet_ids": [
              "subnet-0f36941f44146af14",
              "subnet-0fc5225df6d53d245"
            ],
            "tags": {},
            "tags_all": {},
            "taint": [],
            "timeouts": null,
            "update_config": [
              {
                "max_unavailable": 1,
                "max_unavailable_percentage": 0,
                "update_strategy": ""
              }
            ],
            "version": "1.34"
          },
          "sensitive_attributes": [],
          "identity_schema_version": 0,
          "private": "eyJlMmJmYjczMC1lY2FhLTExZTYtOGY4OC0zNDM2M2JjN2M0YzAiOnsiY3JlYXRlIjozNjAwMDAwMDAwMDAwLCJkZWxldGUiOjM2MDAwMDAwMDAwMDAsInVwZGF0ZSI6MzYwMDAwMDAwMDAwMH19",
          "dependencies": [
            "aws_iam_role.eks_gateway_cluster",
            "aws_iam_role.eks_gateway_nodes",
            "data.aws_iam_policy_document.eks_cluster",
            "data.aws_iam_policy_document.eks_nodes",
            "module.eks_gateway.aws_eks_cluster.this",
            "module.gateway_vpc.aws_security_group.eks",
            "module.gateway_vpc.aws_subnet.private",
            "module.gateway_vpc.aws_vpc.this"
          ]
        }
      ]
    },
    {
      "module": "module.gateway_vpc",
      "mode": "managed",
      "type": "aws_eip",
      "name": "nat",
      "provider": "provider[\"registry.terraform.io/hashicorp/aws\"]",
      "instances": [
        {
          "schema_version": 0,
          "attributes": {
            "address": null,
            "allocation_id": "eipalloc-0387f9cc61db8091f",
            "arn": "arn:aws:ec2:us-east-1:721500739616:elastic-ip/eipalloc-0387f9cc61db8091f",
            "associate_with_private_ip": null,
            "association_id": "eipassoc-0521502d2ddf55025",
            "carrier_ip": "",
            "customer_owned_ip": "",
            "customer_owned_ipv4_pool": "",
            "domain": "vpc",
            "id": "eipalloc-0387f9cc61db8091f",
            "instance": "",
            "ipam_pool_id": null,
            "network_border_group": "us-east-1",
            "network_interface": "eni-012de2929b1f6d397",
            "private_dns": "ip-10-0-100-148.ec2.internal",
            "private_ip": "10.0.100.148",
            "ptr_record": "",
            "public_dns": "ec2-3-218-246-40.compute-1.amazonaws.com",
            "public_ip": "3.218.246.40",
            "public_ipv4_pool": "amazon",
            "region": "us-east-1",
            "tags": {},
            "tags_all": {},
            "timeouts": null
          },
          "sensitive_attributes": [],
          "identity_schema_version": 0,
          "private": "eyJlMmJmYjczMC1lY2FhLTExZTYtOGY4OC0zNDM2M2JjN2M0YzAiOnsiZGVsZXRlIjoxODAwMDAwMDAwMDAsInJlYWQiOjkwMDAwMDAwMDAwMCwidXBkYXRlIjozMDAwMDAwMDAwMDB9fQ=="
        }
      ]
    },
    {
      "module": "module.gateway_vpc",
      "mode": "managed",
      "type": "aws_internet_gateway",
      "name": "this",
      "provider": "provider[\"registry.terraform.io/hashicorp/aws\"]",
      "instances": [
        {
          "schema_version": 0,
          "attributes": {
            "arn": "arn:aws:ec2:us-east-1:721500739616:internet-gateway/igw-0014132b603334023",
            "id": "igw-0014132b603334023",
            "owner_id": "721500739616",
            "region": "us-east-1",
            "tags": {
              "Name": "vpc-gateway-igw"
            },
            "tags_all": {
              "Name": "vpc-gateway-igw"
            },
            "timeouts": null,
            "vpc_id": "vpc-07e7bb2a48934cd80"
          },
          "sensitive_attributes": [],
          "identity_schema_version": 0,
          "private": "eyJlMmJmYjczMC1lY2FhLTExZTYtOGY4OC0zNDM2M2JjN2M0YzAiOnsiY3JlYXRlIjoxMjAwMDAwMDAwMDAwLCJkZWxldGUiOjEyMDAwMDAwMDAwMDAsInVwZGF0ZSI6MTIwMDAwMDAwMDAwMH19",
          "dependencies": [
            "module.gateway_vpc.aws_vpc.this"
          ]
        }
      ]
    },
    {
      "module": "module.gateway_vpc",
      "mode": "managed",
      "type": "aws_nat_gateway",
      "name": "this",
      "provider": "provider[\"registry.terraform.io/hashicorp/aws\"]",
      "instances": [
        {
          "schema_version": 0,
          "attributes": {
            "allocation_id": "eipalloc-0387f9cc61db8091f",
            "association_id": "eipassoc-0521502d2ddf55025",
            "auto_provision_zones": null,
            "auto_scaling_ips": null,
            "availability_mode": "zonal",
            "availability_zone_address": [],
            "connectivity_type": "public",
            "id": "nat-0f61416477f0992ae",
            "network_interface_id": "eni-012de2929b1f6d397",
            "private_ip": "10.0.100.148",
            "public_ip": "3.218.246.40",
            "region": "us-east-1",
            "regional_nat_gateway_address": [],
            "regional_nat_gateway_auto_mode": null,
            "route_table_id": null,
            "secondary_allocation_ids": [],
            "secondary_private_ip_address_count": 0,
            "secondary_private_ip_addresses": [],
            "subnet_id": "subnet-0feb3688314665956",
            "tags": {
              "Name": "vpc-gateway-nat"
            },
            "tags_all": {
              "Name": "vpc-gateway-nat"
            },
            "timeouts": null,
            "vpc_id": "vpc-07e7bb2a48934cd80"
          },
          "sensitive_attributes": [],
          "identity_schema_version": 0,
          "private": "eyJlMmJmYjczMC1lY2FhLTExZTYtOGY4OC0zNDM2M2JjN2M0YzAiOnsiY3JlYXRlIjo2MDAwMDAwMDAwMDAsImRlbGV0ZSI6MTgwMDAwMDAwMDAwMCwidXBkYXRlIjo2MDAwMDAwMDAwMDB9fQ==",
          "dependencies": [
            "module.gateway_vpc.aws_eip.nat",
            "module.gateway_vpc.aws_internet_gateway.this",
            "module.gateway_vpc.aws_subnet.public",
            "module.gateway_vpc.aws_vpc.this"
          ]
        }
      ]
    },
    {
      "module": "module.gateway_vpc",
      "mode": "managed",
      "type": "aws_route_table",
      "name": "private",
      "provider": "provider[\"registry.terraform.io/hashicorp/aws\"]",
      "instances": [
        {
          "schema_version": 0,
          "attributes": {
            "arn": "arn:aws:ec2:us-east-1:721500739616:route-table/rtb-0825b052e62e8ed27",
            "id": "rtb-0825b052e62e8ed27",
            "owner_id": "721500739616",
            "propagating_vgws": [],
            "region": "us-east-1",
            "route": [
              {
                "carrier_gateway_id": "",
                "cidr_block": "0.0.0.0/0",
                "core_network_arn": "",
                "destination_prefix_list_id": "",
                "egress_only_gateway_id": "",
                "gateway_id": "",
                "ipv6_cidr_block": "",
                "local_gateway_id": "",
                "nat_gateway_id": "nat-0f61416477f0992ae",
                "network_interface_id": "",
                "transit_gateway_id": "",
                "vpc_endpoint_id": "",
                "vpc_peering_connection_id": ""
              }
            ],
            "tags": {
              "Name": "vpc-gateway-private-rt"
            },
            "tags_all": {
              "Name": "vpc-gateway-private-rt"
            },
            "timeouts": null,
            "vpc_id": "vpc-07e7bb2a48934cd80"
          },
          "sensitive_attributes": [],
          "identity_schema_version": 0,
          "identity": {
            "account_id": "721500739616",
            "id": "rtb-0825b052e62e8ed27",
            "region": "us-east-1"
          },
          "private": "eyJlMmJmYjczMC1lY2FhLTExZTYtOGY4OC0zNDM2M2JjN2M0YzAiOnsiY3JlYXRlIjozMDAwMDAwMDAwMDAsImRlbGV0ZSI6MzAwMDAwMDAwMDAwLCJ1cGRhdGUiOjEyMDAwMDAwMDAwMH19",
          "dependencies": [
            "module.gateway_vpc.aws_eip.nat",
            "module.gateway_vpc.aws_internet_gateway.this",
            "module.gateway_vpc.aws_nat_gateway.this",
            "module.gateway_vpc.aws_subnet.public",
            "module.gateway_vpc.aws_vpc.this"
          ]
        }
      ]
    },
    {
      "module": "module.gateway_vpc",
      "mode": "managed",
      "type": "aws_route_table",
      "name": "public",
      "provider": "provider[\"registry.terraform.io/hashicorp/aws\"]",
      "instances": [
        {
          "schema_version": 0,
          "attributes": {
            "arn": "arn:aws:ec2:us-east-1:721500739616:route-table/rtb-0eeeda668b22eeea6",
            "id": "rtb-0eeeda668b22eeea6",
            "owner_id": "721500739616",
            "propagating_vgws": [],
            "region": "us-east-1",
            "route": [
              {
                "carrier_gateway_id": "",
                "cidr_block": "0.0.0.0/0",
                "core_network_arn": "",
                "destination_prefix_list_id": "",
                "egress_only_gateway_id": "",
                "gateway_id": "igw-0014132b603334023",
                "ipv6_cidr_block": "",
                "local_gateway_id": "",
                "nat_gateway_id": "",
                "network_interface_id": "",
                "transit_gateway_id": "",
                "vpc_endpoint_id": "",
                "vpc_peering_connection_id": ""
              }
            ],
            "tags": {
              "Name": "vpc-gateway-public-rt"
            },
            "tags_all": {
              "Name": "vpc-gateway-public-rt"
            },
            "timeouts": null,
            "vpc_id": "vpc-07e7bb2a48934cd80"
          },
          "sensitive_attributes": [],
          "identity_schema_version": 0,
          "identity": {
            "account_id": "721500739616",
            "id": "rtb-0eeeda668b22eeea6",
            "region": "us-east-1"
          },
          "private": "eyJlMmJmYjczMC1lY2FhLTExZTYtOGY4OC0zNDM2M2JjN2M0YzAiOnsiY3JlYXRlIjozMDAwMDAwMDAwMDAsImRlbGV0ZSI6MzAwMDAwMDAwMDAwLCJ1cGRhdGUiOjEyMDAwMDAwMDAwMH19",
          "dependencies": [
            "module.gateway_vpc.aws_internet_gateway.this",
            "module.gateway_vpc.aws_vpc.this"
          ]
        }
      ]
    },
    {
      "module": "module.gateway_vpc",
      "mode": "managed",
      "type": "aws_route_table_association",
      "name": "private",
      "provider": "provider[\"registry.terraform.io/hashicorp/aws\"]",
      "instances": [
        {
          "index_key": 0,
          "schema_version": 0,
          "attributes": {
            "gateway_id": "",
            "id": "rtbassoc-074a0078d3cc58892",
            "region": "us-east-1",
            "route_table_id": "rtb-0825b052e62e8ed27",
            "subnet_id": "subnet-0fc5225df6d53d245",
            "timeouts": null
          },
          "sensitive_attributes": [],
          "identity_schema_version": 0,
          "private": "eyJlMmJmYjczMC1lY2FhLTExZTYtOGY4OC0zNDM2M2JjN2M0YzAiOnsiY3JlYXRlIjozMDAwMDAwMDAwMDAsImRlbGV0ZSI6MzAwMDAwMDAwMDAwLCJ1cGRhdGUiOjEyMDAwMDAwMDAwMH19",
          "dependencies": [
            "module.gateway_vpc.aws_eip.nat",
            "module.gateway_vpc.aws_internet_gateway.this",
            "module.gateway_vpc.aws_nat_gateway.this",
            "module.gateway_vpc.aws_route_table.private",
            "module.gateway_vpc.aws_subnet.private",
            "module.gateway_vpc.aws_subnet.public",
            "module.gateway_vpc.aws_vpc.this"
          ]
        },
        {
          "index_key": 1,
          "schema_version": 0,
          "attributes": {
            "gateway_id": "",
            "id": "rtbassoc-03d7c3cbbe77ab105",
            "region": "us-east-1",
            "route_table_id": "rtb-0825b052e62e8ed27",
            "subnet_id": "subnet-0f36941f44146af14",
            "timeouts": null
          },
          "sensitive_attributes": [],
          "identity_schema_version": 0,
          "private": "eyJlMmJmYjczMC1lY2FhLTExZTYtOGY4OC0zNDM2M2JjN2M0YzAiOnsiY3JlYXRlIjozMDAwMDAwMDAwMDAsImRlbGV0ZSI6MzAwMDAwMDAwMDAwLCJ1cGRhdGUiOjEyMDAwMDAwMDAwMH19",
          "dependencies": [
            "module.gateway_vpc.aws_eip.nat",
            "module.gateway_vpc.aws_internet_gateway.this",
            "module.gateway_vpc.aws_nat_gateway.this",
            "module.gateway_vpc.aws_route_table.private",
            "module.gateway_vpc.aws_subnet.private",
            "module.gateway_vpc.aws_subnet.public",
            "module.gateway_vpc.aws_vpc.this"
          ]
        }
      ]
    },
    {
      "module": "module.gateway_vpc",
      "mode": "managed",
      "type": "aws_route_table_association",
      "name": "public",
      "provider": "provider[\"registry.terraform.io/hashicorp/aws\"]",
      "instances": [
        {
          "schema_version": 0,
          "attributes": {
            "gateway_id": "",
            "id": "rtbassoc-088a197c6c739a623",
            "region": "us-east-1",
            "route_table_id": "rtb-0eeeda668b22eeea6",
            "subnet_id": "subnet-0feb3688314665956",
            "timeouts": null
          },
          "sensitive_attributes": [],
          "identity_schema_version": 0,
          "private": "eyJlMmJmYjczMC1lY2FhLTExZTYtOGY4OC0zNDM2M2JjN2M0YzAiOnsiY3JlYXRlIjozMDAwMDAwMDAwMDAsImRlbGV0ZSI6MzAwMDAwMDAwMDAwLCJ1cGRhdGUiOjEyMDAwMDAwMDAwMH19",
          "dependencies": [
            "module.gateway_vpc.aws_internet_gateway.this",
            "module.gateway_vpc.aws_route_table.public",
            "module.gateway_vpc.aws_subnet.public",
            "module.gateway_vpc.aws_vpc.this"
          ]
        }
      ]
    },
    {
      "module": "module.gateway_vpc",
      "mode": "managed",
      "type": "aws_security_group",
      "name": "eks",
      "provider": "provider[\"registry.terraform.io/hashicorp/aws\"]",
      "instances": [
        {
          "schema_version": 1,
          "attributes": {
            "arn": "arn:aws:ec2:us-east-1:721500739616:security-group/sg-0ecc89e07c253d537",
            "description": "Managed by Terraform",
            "egress": [
              {
                "cidr_blocks": [
                  "0.0.0.0/0"
                ],
                "description": "",
                "from_port": 0,
                "ipv6_cidr_blocks": [],
                "prefix_list_ids": [],
                "protocol": "-1",
                "security_groups": [],
                "self": false,
                "to_port": 0
              }
            ],
            "id": "sg-0ecc89e07c253d537",
            "ingress": [],
            "name": "vpc-gateway-eks-sg",
            "name_prefix": "",
            "owner_id": "721500739616",
            "region": "us-east-1",
            "revoke_rules_on_delete": false,
            "tags": {
              "Name": "vpc-gateway-eks-sg"
            },
            "tags_all": {
              "Name": "vpc-gateway-eks-sg"
            },
            "timeouts": null,
            "vpc_id": "vpc-07e7bb2a48934cd80"
          },
          "sensitive_attributes": [],
          "identity_schema_version": 0,
          "identity": {
            "account_id": "721500739616",
            "id": "sg-0ecc89e07c253d537",
            "region": "us-east-1"
          },
          "private": "eyJlMmJmYjczMC1lY2FhLTExZTYtOGY4OC0zNDM2M2JjN2M0YzAiOnsiY3JlYXRlIjo2MDAwMDAwMDAwMDAsImRlbGV0ZSI6OTAwMDAwMDAwMDAwfSwic2NoZW1hX3ZlcnNpb24iOiIxIn0=",
          "dependencies": [
            "module.gateway_vpc.aws_vpc.this"
          ]
        }
      ]
    },
    {
      "module": "module.gateway_vpc",
      "mode": "managed",
      "type": "aws_security_group_rule",
      "name": "backend_allow_gateway",
      "provider": "provider[\"registry.terraform.io/hashicorp/aws\"]",
      "instances": [
        {
          "schema_version": 2,
          "attributes": {
            "cidr_blocks": [
              "10.0.0.0/16"
            ],
            "description": null,
            "from_port": 5678,
            "id": "sgrule-2755065767",
            "ipv6_cidr_blocks": null,
            "prefix_list_ids": null,
            "protocol": "tcp",
            "region": "us-east-1",
            "security_group_id": "sg-0ecc89e07c253d537",
            "security_group_rule_id": "sgr-0000a8b6c92d627dd",
            "self": false,
            "source_security_group_id": null,
            "timeouts": null,
            "to_port": 5678,
            "type": "ingress"
          },
          "sensitive_attributes": [],
          "identity_schema_version": 0,
          "private": "eyJlMmJmYjczMC1lY2FhLTExZTYtOGY4OC0zNDM2M2JjN2M0YzAiOnsiY3JlYXRlIjozMDAwMDAwMDAwMDB9LCJzY2hlbWFfdmVyc2lvbiI6IjIifQ==",
          "dependencies": [
            "module.gateway_vpc.aws_security_group.eks",
            "module.gateway_vpc.aws_vpc.this"
          ]
        }
      ]
    },
    {
      "module": "module.gateway_vpc",
      "mode": "managed",
      "type": "aws_subnet",
      "name": "private",
      "provider": "provider[\"registry.terraform.io/hashicorp/aws\"]",
      "instances": [
        {
          "index_key": 0,
          "schema_version": 1,
          "attributes": {
            "arn": "arn:aws:ec2:us-east-1:721500739616:subnet/subnet-0fc5225df6d53d245",
            "assign_ipv6_address_on_creation": false,
            "availability_zone": "us-east-1a",
            "availability_zone_id": "use1-az2",
            "cidr_block": "10.0.0.0/20",
            "customer_owned_ipv4_pool": "",
            "enable_dns64": false,
            "enable_lni_at_device_index": 0,
            "enable_resource_name_dns_a_record_on_launch": false,
            "enable_resource_name_dns_aaaa_record_on_launch": false,
            "id": "subnet-0fc5225df6d53d245",
            "ipv6_cidr_block": "",
            "ipv6_cidr_block_association_id": "",
            "ipv6_native": false,
            "map_customer_owned_ip_on_launch": false,
            "map_public_ip_on_launch": false,
            "outpost_arn": "",
            "owner_id": "721500739616",
            "private_dns_hostname_type_on_launch": "ip-name",
            "region": "us-east-1",
            "tags": {
              "Name": "vpc-gateway-private-0"
            },
            "tags_all": {
              "Name": "vpc-gateway-private-0"
            },
            "timeouts": null,
            "vpc_id": "vpc-07e7bb2a48934cd80"
          },
          "sensitive_attributes": [],
          "identity_schema_version": 0,
          "identity": {
            "account_id": "721500739616",
            "id": "subnet-0fc5225df6d53d245",
            "region": "us-east-1"
          },
          "private": "eyJlMmJmYjczMC1lY2FhLTExZTYtOGY4OC0zNDM2M2JjN2M0YzAiOnsiY3JlYXRlIjo2MDAwMDAwMDAwMDAsImRlbGV0ZSI6MTIwMDAwMDAwMDAwMH0sInNjaGVtYV92ZXJzaW9uIjoiMSJ9",
          "dependencies": [
            "module.gateway_vpc.aws_vpc.this"
          ]
        },
        {
          "index_key": 1,
          "schema_version": 1,
          "attributes": {
            "arn": "arn:aws:ec2:us-east-1:721500739616:subnet/subnet-0f36941f44146af14",
            "assign_ipv6_address_on_creation": false,
            "availability_zone": "us-east-1b",
            "availability_zone_id": "use1-az4",
            "cidr_block": "10.0.16.0/20",
            "customer_owned_ipv4_pool": "",
            "enable_dns64": false,
            "enable_lni_at_device_index": 0,
            "enable_resource_name_dns_a_record_on_launch": false,
            "enable_resource_name_dns_aaaa_record_on_launch": false,
            "id": "subnet-0f36941f44146af14",
            "ipv6_cidr_block": "",
            "ipv6_cidr_block_association_id": "",
            "ipv6_native": false,
            "map_customer_owned_ip_on_launch": false,
            "map_public_ip_on_launch": false,
            "outpost_arn": "",
            "owner_id": "721500739616",
            "private_dns_hostname_type_on_launch": "ip-name",
            "region": "us-east-1",
            "tags": {
              "Name": "vpc-gateway-private-1"
            },
            "tags_all": {
              "Name": "vpc-gateway-private-1"
            },
            "timeouts": null,
            "vpc_id": "vpc-07e7bb2a48934cd80"
          },
          "sensitive_attributes": [],
          "identity_schema_version": 0,
          "identity": {
            "account_id": "721500739616",
            "id": "subnet-0f36941f44146af14",
            "region": "us-east-1"
          },
          "private": "eyJlMmJmYjczMC1lY2FhLTExZTYtOGY4OC0zNDM2M2JjN2M0YzAiOnsiY3JlYXRlIjo2MDAwMDAwMDAwMDAsImRlbGV0ZSI6MTIwMDAwMDAwMDAwMH0sInNjaGVtYV92ZXJzaW9uIjoiMSJ9",
          "dependencies": [
            "module.gateway_vpc.aws_vpc.this"
          ]
        }
      ]
    },
    {
      "module": "module.gateway_vpc",
      "mode": "managed",
      "type": "aws_subnet",
      "name": "public",
      "provider": "provider[\"registry.terraform.io/hashicorp/aws\"]",
      "instances": [
        {
          "schema_version": 1,
          "attributes": {
            "arn": "arn:aws:ec2:us-east-1:721500739616:subnet/subnet-0feb3688314665956",
            "assign_ipv6_address_on_creation": false,
            "availability_zone": "us-east-1a",
            "availability_zone_id": "use1-az2",
            "cidr_block": "10.0.100.0/24",
            "customer_owned_ipv4_pool": "",
            "enable_dns64": false,
            "enable_lni_at_device_index": 0,
            "enable_resource_name_dns_a_record_on_launch": false,
            "enable_resource_name_dns_aaaa_record_on_launch": false,
            "id": "subnet-0feb3688314665956",
            "ipv6_cidr_block": "",
            "ipv6_cidr_block_association_id": "",
            "ipv6_native": false,
            "map_customer_owned_ip_on_launch": false,
            "map_public_ip_on_launch": true,
            "outpost_arn": "",
            "owner_id": "721500739616",
            "private_dns_hostname_type_on_launch": "ip-name",
            "region": "us-east-1",
            "tags": {
              "Name": "vpc-gateway-public"
            },
            "tags_all": {
              "Name": "vpc-gateway-public"
            },
            "timeouts": null,
            "vpc_id": "vpc-07e7bb2a48934cd80"
          },
          "sensitive_attributes": [],
          "identity_schema_version": 0,
          "identity": {
            "account_id": "721500739616",
            "id": "subnet-0feb3688314665956",
            "region": "us-east-1"
          },
          "private": "eyJlMmJmYjczMC1lY2FhLTExZTYtOGY4OC0zNDM2M2JjN2M0YzAiOnsiY3JlYXRlIjo2MDAwMDAwMDAwMDAsImRlbGV0ZSI6MTIwMDAwMDAwMDAwMH0sInNjaGVtYV92ZXJzaW9uIjoiMSJ9",
          "dependencies": [
            "module.gateway_vpc.aws_vpc.this"
          ]
        }
      ]
    },
    {
      "module": "module.gateway_vpc",
      "mode": "managed",
      "type": "aws_vpc",
      "name": "this",
      "provider": "provider[\"registry.terraform.io/hashicorp/aws\"]",
      "instances": [
        {
          "schema_version": 1,
          "attributes": {
            "arn": "arn:aws:ec2:us-east-1:721500739616:vpc/vpc-07e7bb2a48934cd80",
            "assign_generated_ipv6_cidr_block": false,
            "cidr_block": "10.0.0.0/16",
            "default_network_acl_id": "acl-0e18b7d1f7f54d15c",
            "default_route_table_id": "rtb-086bd2a3d0297e69d",
            "default_security_group_id": "sg-093b39f6a2646a804",
            "dhcp_options_id": "dopt-01ebea7c8afd6b2ae",
            "enable_dns_hostnames": true,
            "enable_dns_support": true,
            "enable_network_address_usage_metrics": false,
            "id": "vpc-07e7bb2a48934cd80",
            "instance_tenancy": "default",
            "ipv4_ipam_pool_id": null,
            "ipv4_netmask_length": null,
            "ipv6_association_id": "",
            "ipv6_cidr_block": "",
            "ipv6_cidr_block_network_border_group": "",
            "ipv6_ipam_pool_id": "",
            "ipv6_netmask_length": 0,
            "main_route_table_id": "rtb-086bd2a3d0297e69d",
            "owner_id": "721500739616",
            "region": "us-east-1",
            "tags": {
              "Name": "vpc-gateway"
            },
            "tags_all": {
              "Name": "vpc-gateway"
            }
          },
          "sensitive_attributes": [],
          "identity_schema_version": 0,
          "identity": {
            "account_id": "721500739616",
            "id": "vpc-07e7bb2a48934cd80",
            "region": "us-east-1"
          },
          "private": "eyJzY2hlbWFfdmVyc2lvbiI6IjEifQ=="
        }
      ]
    }
  ],
  "check_results": null
}
